// !$*UTF8*$!
{
	archiveVersion = 1;
	classes = {
	};
	objectVersion = 50;
	objects = {

/* Begin PBXBuildFile section */
		AF13E096265CE49D00784505 /* BottomSheet.swift in Sources */ = {isa = PBXBuildFile; fileRef = AF13E095265CE49D00784505 /* BottomSheet.swift */; };
		AF155910265B75BD0057B4CB /* GameModel.swift in Sources */ = {isa = PBXBuildFile; fileRef = AF15590F265B75BD0057B4CB /* GameModel.swift */; };
		AF203F3E264AAA8D00A05159 /* Alert.swift in Sources */ = {isa = PBXBuildFile; fileRef = AF203F3D264AAA8D00A05159 /* Alert.swift */; };
		AF206EF0264D0CA000A76A6A /* GameViewModel.swift in Sources */ = {isa = PBXBuildFile; fileRef = AF206EEF264D0CA000A76A6A /* GameViewModel.swift */; };
		AFC1A1162649956B002ACA1F /* TicTacToeApp.swift in Sources */ = {isa = PBXBuildFile; fileRef = AFC1A1152649956B002ACA1F /* TicTacToeApp.swift */; };
		AFC1A1182649956B002ACA1F /* GameView.swift in Sources */ = {isa = PBXBuildFile; fileRef = AFC1A1172649956B002ACA1F /* GameView.swift */; };
		AFC1A11A2649956C002ACA1F /* Assets.xcassets in Resources */ = {isa = PBXBuildFile; fileRef = AFC1A1192649956C002ACA1F /* Assets.xcassets */; };
		AFC1A11D2649956C002ACA1F /* Preview Assets.xcassets in Resources */ = {isa = PBXBuildFile; fileRef = AFC1A11C2649956C002ACA1F /* Preview Assets.xcassets */; };
		AFC1A1282649956C002ACA1F /* TicTacToeTests.swift in Sources */ = {isa = PBXBuildFile; fileRef = AFC1A1272649956C002ACA1F /* TicTacToeTests.swift */; };
		AFC1A1332649956C002ACA1F /* TicTacToeUITests.swift in Sources */ = {isa = PBXBuildFile; fileRef = AFC1A1322649956C002ACA1F /* TicTacToeUITests.swift */; };
/* End PBXBuildFile section */

/* Begin PBXContainerItemProxy section */
		AFC1A1242649956C002ACA1F /* PBXContainerItemProxy */ = {
			isa = PBXContainerItemProxy;
			containerPortal = AFC1A10A2649956B002ACA1F /* Project object */;
			proxyType = 1;
			remoteGlobalIDString = AFC1A1112649956B002ACA1F;
			remoteInfo = TicTacToe;
		};
		AFC1A12F2649956C002ACA1F /* PBXContainerItemProxy */ = {
			isa = PBXContainerItemProxy;
			containerPortal = AFC1A10A2649956B002ACA1F /* Project object */;
			proxyType = 1;
			remoteGlobalIDString = AFC1A1112649956B002ACA1F;
			remoteInfo = TicTacToe;
		};
/* End PBXContainerItemProxy section */

/* Begin PBXFileReference section */
		AF13E095265CE49D00784505 /* BottomSheet.swift */ = {isa = PBXFileReference; fileEncoding = 4; lastKnownFileType = sourcecode.swift; path = BottomSheet.swift; sourceTree = "<group>"; };
		AF15590F265B75BD0057B4CB /* GameModel.swift */ = {isa = PBXFileReference; lastKnownFileType = sourcecode.swift; path = GameModel.swift; sourceTree = "<group>"; };
		AF203F3D264AAA8D00A05159 /* Alert.swift */ = {isa = PBXFileReference; lastKnownFileType = sourcecode.swift; path = Alert.swift; sourceTree = "<group>"; };
		AF206EEF264D0CA000A76A6A /* GameViewModel.swift */ = {isa = PBXFileReference; lastKnownFileType = sourcecode.swift; path = GameViewModel.swift; sourceTree = "<group>"; };
		AFC1A1122649956B002ACA1F /* TicTacToe.app */ = {isa = PBXFileReference; explicitFileType = wrapper.application; includeInIndex = 0; path = TicTacToe.app; sourceTree = BUILT_PRODUCTS_DIR; };
		AFC1A1152649956B002ACA1F /* TicTacToeApp.swift */ = {isa = PBXFileReference; lastKnownFileType = sourcecode.swift; path = TicTacToeApp.swift; sourceTree = "<group>"; };
		AFC1A1172649956B002ACA1F /* GameView.swift */ = {isa = PBXFileReference; lastKnownFileType = sourcecode.swift; path = GameView.swift; sourceTree = "<group>"; };
		AFC1A1192649956C002ACA1F /* Assets.xcassets */ = {isa = PBXFileReference; lastKnownFileType = folder.assetcatalog; path = Assets.xcassets; sourceTree = "<group>"; };
		AFC1A11C2649956C002ACA1F /* Preview Assets.xcassets */ = {isa = PBXFileReference; lastKnownFileType = folder.assetcatalog; path = "Preview Assets.xcassets"; sourceTree = "<group>"; };
		AFC1A11E2649956C002ACA1F /* Info.plist */ = {isa = PBXFileReference; lastKnownFileType = text.plist.xml; path = Info.plist; sourceTree = "<group>"; };
		AFC1A1232649956C002ACA1F /* TicTacToeTests.xctest */ = {isa = PBXFileReference; explicitFileType = wrapper.cfbundle; includeInIndex = 0; path = TicTacToeTests.xctest; sourceTree = BUILT_PRODUCTS_DIR; };
		AFC1A1272649956C002ACA1F /* TicTacToeTests.swift */ = {isa = PBXFileReference; lastKnownFileType = sourcecode.swift; path = TicTacToeTests.swift; sourceTree = "<group>"; };
		AFC1A1292649956C002ACA1F /* Info.plist */ = {isa = PBXFileReference; lastKnownFileType = text.plist.xml; path = Info.plist; sourceTree = "<group>"; };
		AFC1A12E2649956C002ACA1F /* TicTacToeUITests.xctest */ = {isa = PBXFileReference; explicitFileType = wrapper.cfbundle; includeInIndex = 0; path = TicTacToeUITests.xctest; sourceTree = BUILT_PRODUCTS_DIR; };
		AFC1A1322649956C002ACA1F /* TicTacToeUITests.swift */ = {isa = PBXFileReference; lastKnownFileType = sourcecode.swift; path = TicTacToeUITests.swift; sourceTree = "<group>"; };
		AFC1A1342649956C002ACA1F /* Info.plist */ = {isa = PBXFileReference; lastKnownFileType = text.plist.xml; path = Info.plist; sourceTree = "<group>"; };
/* End PBXFileReference section */

/* Begin PBXFrameworksBuildPhase section */
		AFC1A10F2649956B002ACA1F /* Frameworks */ = {
			isa = PBXFrameworksBuildPhase;
			buildActionMask = 2147483647;
			files = (
			);
			runOnlyForDeploymentPostprocessing = 0;
		};
		AFC1A1202649956C002ACA1F /* Frameworks */ = {
			isa = PBXFrameworksBuildPhase;
			buildActionMask = 2147483647;
			files = (
			);
			runOnlyForDeploymentPostprocessing = 0;
		};
		AFC1A12B2649956C002ACA1F /* Frameworks */ = {
			isa = PBXFrameworksBuildPhase;
			buildActionMask = 2147483647;
			files = (
			);
			runOnlyForDeploymentPostprocessing = 0;
		};
/* End PBXFrameworksBuildPhase section */

/* Begin PBXGroup section */
		AFC1A1092649956B002ACA1F = {
			isa = PBXGroup;
			children = (
				AFC1A1142649956B002ACA1F /* TicTacToe */,
				AFC1A1262649956C002ACA1F /* TicTacToeTests */,
				AFC1A1312649956C002ACA1F /* TicTacToeUITests */,
				AFC1A1132649956B002ACA1F /* Products */,
			);
			sourceTree = "<group>";
		};
		AFC1A1132649956B002ACA1F /* Products */ = {
			isa = PBXGroup;
			children = (
				AFC1A1122649956B002ACA1F /* TicTacToe.app */,
				AFC1A1232649956C002ACA1F /* TicTacToeTests.xctest */,
				AFC1A12E2649956C002ACA1F /* TicTacToeUITests.xctest */,
			);
			name = Products;
			sourceTree = "<group>";
		};
		AFC1A1142649956B002ACA1F /* TicTacToe */ = {
			isa = PBXGroup;
			children = (
				AF13E095265CE49D00784505 /* BottomSheet.swift */,
				AF15590F265B75BD0057B4CB /* GameModel.swift */,
				AF206EEF264D0CA000A76A6A /* GameViewModel.swift */,
				AFC1A1172649956B002ACA1F /* GameView.swift */,
				AFC1A1152649956B002ACA1F /* TicTacToeApp.swift */,
				AFC1A1192649956C002ACA1F /* Assets.xcassets */,
				AFC1A11E2649956C002ACA1F /* Info.plist */,
				AFC1A11B2649956C002ACA1F /* Preview Content */,
				AF203F3D264AAA8D00A05159 /* Alert.swift */,
			);
			path = TicTacToe;
			sourceTree = "<group>";
		};
		AFC1A11B2649956C002ACA1F /* Preview Content */ = {
			isa = PBXGroup;
			children = (
				AFC1A11C2649956C002ACA1F /* Preview Assets.xcassets */,
			);
			path = "Preview Content";
			sourceTree = "<group>";
		};
		AFC1A1262649956C002ACA1F /* TicTacToeTests */ = {
			isa = PBXGroup;
			children = (
				AFC1A1272649956C002ACA1F /* TicTacToeTests.swift */,
				AFC1A1292649956C002ACA1F /* Info.plist */,
			);
			path = TicTacToeTests;
			sourceTree = "<group>";
		};
		AFC1A1312649956C002ACA1F /* TicTacToeUITests */ = {
			isa = PBXGroup;
			children = (
				AFC1A1322649956C002ACA1F /* TicTacToeUITests.swift */,
				AFC1A1342649956C002ACA1F /* Info.plist */,
			);
			path = TicTacToeUITests;
			sourceTree = "<group>";
		};
/* End PBXGroup section */

/* Begin PBXNativeTarget section */
		AFC1A1112649956B002ACA1F /* TicTacToe */ = {
			isa = PBXNativeTarget;
			buildConfigurationList = AFC1A1372649956C002ACA1F /* Build configuration list for PBXNativeTarget "TicTacToe" */;
			buildPhases = (
				AFC1A10E2649956B002ACA1F /* Sources */,
				AFC1A10F2649956B002ACA1F /* Frameworks */,
				AFC1A1102649956B002ACA1F /* Resources */,
			);
			buildRules = (
			);
			dependencies = (
			);
			name = TicTacToe;
			packageProductDependencies = (
			);
			productName = TicTacToe;
			productReference = AFC1A1122649956B002ACA1F /* TicTacToe.app */;
			productType = "com.apple.product-type.application";
		};
		AFC1A1222649956C002ACA1F /* TicTacToeTests */ = {
			isa = PBXNativeTarget;
			buildConfigurationList = AFC1A13A2649956C002ACA1F /* Build configuration list for PBXNativeTarget "TicTacToeTests" */;
			buildPhases = (
				AFC1A11F2649956C002ACA1F /* Sources */,
				AFC1A1202649956C002ACA1F /* Frameworks */,
				AFC1A1212649956C002ACA1F /* Resources */,
			);
			buildRules = (
			);
			dependencies = (
				AFC1A1252649956C002ACA1F /* PBXTargetDependency */,
			);
			name = TicTacToeTests;
			productName = TicTacToeTests;
			productReference = AFC1A1232649956C002ACA1F /* TicTacToeTests.xctest */;
			productType = "com.apple.product-type.bundle.unit-test";
		};
		AFC1A12D2649956C002ACA1F /* TicTacToeUITests */ = {
			isa = PBXNativeTarget;
			buildConfigurationList = AFC1A13D2649956C002ACA1F /* Build configuration list for PBXNativeTarget "TicTacToeUITests" */;
			buildPhases = (
				AFC1A12A2649956C002ACA1F /* Sources */,
				AFC1A12B2649956C002ACA1F /* Frameworks */,
				AFC1A12C2649956C002ACA1F /* Resources */,
			);
			buildRules = (
			);
			dependencies = (
				AFC1A1302649956C002ACA1F /* PBXTargetDependency */,
			);
			name = TicTacToeUITests;
			productName = TicTacToeUITests;
			productReference = AFC1A12E2649956C002ACA1F /* TicTacToeUITests.xctest */;
			productType = "com.apple.product-type.bundle.ui-testing";
		};
/* End PBXNativeTarget section */

/* Begin PBXProject section */
		AFC1A10A2649956B002ACA1F /* Project object */ = {
			isa = PBXProject;
			attributes = {
				LastSwiftUpdateCheck = 1240;
				LastUpgradeCheck = 1240;
				TargetAttributes = {
					AFC1A1112649956B002ACA1F = {
						CreatedOnToolsVersion = 12.4;
					};
					AFC1A1222649956C002ACA1F = {
						CreatedOnToolsVersion = 12.4;
						TestTargetID = AFC1A1112649956B002ACA1F;
					};
					AFC1A12D2649956C002ACA1F = {
						CreatedOnToolsVersion = 12.4;
						TestTargetID = AFC1A1112649956B002ACA1F;
					};
				};
			};
			buildConfigurationList = AFC1A10D2649956B002ACA1F /* Build configuration list for PBXProject "TicTacToe" */;
			compatibilityVersion = "Xcode 9.3";
			developmentRegion = en;
			hasScannedForEncodings = 0;
			knownRegions = (
				en,
				Base,
			);
			mainGroup = AFC1A1092649956B002ACA1F;
			packageReferences = (
			);
			productRefGroup = AFC1A1132649956B002ACA1F /* Products */;
			projectDirPath = "";
			projectRoot = "";
			targets = (
				AFC1A1112649956B002ACA1F /* TicTacToe */,
				AFC1A1222649956C002ACA1F /* TicTacToeTests */,
				AFC1A12D2649956C002ACA1F /* TicTacToeUITests */,
			);
		};
/* End PBXProject section */

/* Begin PBXResourcesBuildPhase section */
		AFC1A1102649956B002ACA1F /* Resources */ = {
			isa = PBXResourcesBuildPhase;
			buildActionMask = 2147483647;
			files = (
				AFC1A11D2649956C002ACA1F /* Preview Assets.xcassets in Resources */,
				AFC1A11A2649956C002ACA1F /* Assets.xcassets in Resources */,
			);
			runOnlyForDeploymentPostprocessing = 0;
		};
		AFC1A1212649956C002ACA1F /* Resources */ = {
			isa = PBXResourcesBuildPhase;
			buildActionMask = 2147483647;
			files = (
			);
			runOnlyForDeploymentPostprocessing = 0;
		};
		AFC1A12C2649956C002ACA1F /* Resources */ = {
			isa = PBXResourcesBuildPhase;
			buildActionMask = 2147483647;
			files = (
			);
			runOnlyForDeploymentPostprocessing = 0;
		};
/* End PBXResourcesBuildPhase section */

/* Begin PBXSourcesBuildPhase section */
		AFC1A10E2649956B002ACA1F /* Sources */ = {
			isa = PBXSourcesBuildPhase;
			buildActionMask = 2147483647;
			files = (
				AF155910265B75BD0057B4CB /* GameModel.swift in Sources */,
				AF206EF0264D0CA000A76A6A /* GameViewModel.swift in Sources */,
				AF203F3E264AAA8D00A05159 /* Alert.swift in Sources */,
				AFC1A1182649956B002ACA1F /* GameView.swift in Sources */,
				AF13E096265CE49D00784505 /* BottomSheet.swift in Sources */,
				AFC1A1162649956B002ACA1F /* TicTacToeApp.swift in Sources */,
			);
			runOnlyForDeploymentPostprocessing = 0;
		};
		AFC1A11F2649956C002ACA1F /* Sources */ = {
			isa = PBXSourcesBuildPhase;
			buildActionMask = 2147483647;
			files = (
				AFC1A1282649956C002ACA1F /* TicTacToeTests.swift in Sources */,
			);
			runOnlyForDeploymentPostprocessing = 0;
		};
		AFC1A12A2649956C002ACA1F /* Sources */ = {
			isa = PBXSourcesBuildPhase;
			buildActionMask = 2147483647;
			files = (
				AFC1A1332649956C002ACA1F /* TicTacToeUITests.swift in Sources */,
			);
			runOnlyForDeploymentPostprocessing = 0;
		};
/* End PBXSourcesBuildPhase section */

/* Begin PBXTargetDependency section */
		AFC1A1252649956C002ACA1F /* PBXTargetDependency */ = {
			isa = PBXTargetDependency;
			target = AFC1A1112649956B002ACA1F /* TicTacToe */;
			targetProxy = AFC1A1242649956C002ACA1F /* PBXContainerItemProxy */;
		};
		AFC1A1302649956C002ACA1F /* PBXTargetDependency */ = {
			isa = PBXTargetDependency;
			target = AFC1A1112649956B002ACA1F /* TicTacToe */;
			targetProxy = AFC1A12F2649956C002ACA1F /* PBXContainerItemProxy */;
		};
/* End PBXTargetDependency section */

/* Begin XCBuildConfiguration section */
		AFC1A1352649956C002ACA1F /* Debug */ = {
			isa = XCBuildConfiguration;
			buildSettings = {
				ALWAYS_SEARCH_USER_PATHS = NO;
				CLANG_ANALYZER_NONNULL = YES;
				CLANG_ANALYZER_NUMBER_OBJECT_CONVERSION = YES_AGGRESSIVE;
				CLANG_CXX_LANGUAGE_STANDARD = "gnu++14";
				CLANG_CXX_LIBRARY = "libc++";
				CLANG_ENABLE_MODULES = YES;
				CLANG_ENABLE_OBJC_ARC = YES;
				CLANG_ENABLE_OBJC_WEAK = YES;
				CLANG_WARN_BLOCK_CAPTURE_AUTORELEASING = YES;
				CLANG_WARN_BOOL_CONVERSION = YES;
				CLANG_WARN_COMMA = YES;
				CLANG_WARN_CONSTANT_CONVERSION = YES;
				CLANG_WARN_DEPRECATED_OBJC_IMPLEMENTATIONS = YES;
				CLANG_WARN_DIRECT_OBJC_ISA_USAGE = YES_ERROR;
				CLANG_WARN_DOCUMENTATION_COMMENTS = YES;
				CLANG_WARN_EMPTY_BODY = YES;
				CLANG_WARN_ENUM_CONVERSION = YES;
				CLANG_WARN_INFINITE_RECURSION = YES;
				CLANG_WARN_INT_CONVERSION = YES;
				CLANG_WARN_NON_LITERAL_NULL_CONVERSION = YES;
				CLANG_WARN_OBJC_IMPLICIT_RETAIN_SELF = YES;
				CLANG_WARN_OBJC_LITERAL_CONVERSION = YES;
				CLANG_WARN_OBJC_ROOT_CLASS = YES_ERROR;
				CLANG_WARN_QUOTED_INCLUDE_IN_FRAMEWORK_HEADER = YES;
				CLANG_WARN_RANGE_LOOP_ANALYSIS = YES;
				CLANG_WARN_STRICT_PROTOTYPES = YES;
				CLANG_WARN_SUSPICIOUS_MOVE = YES;
				CLANG_WARN_UNGUARDED_AVAILABILITY = YES_AGGRESSIVE;
				CLANG_WARN_UNREACHABLE_CODE = YES;
				CLANG_WARN__DUPLICATE_METHOD_MATCH = YES;
				COPY_PHASE_STRIP = NO;
				DEBUG_INFORMATION_FORMAT = dwarf;
				ENABLE_STRICT_OBJC_MSGSEND = YES;
				ENABLE_TESTABILITY = YES;
				GCC_C_LANGUAGE_STANDARD = gnu11;
				GCC_DYNAMIC_NO_PIC = NO;
				GCC_NO_COMMON_BLOCKS = YES;
				GCC_OPTIMIZATION_LEVEL = 0;
				GCC_PREPROCESSOR_DEFINITIONS = (
					"DEBUG=1",
					"$(inherited)",
				);
				GCC_WARN_64_TO_32_BIT_CONVERSION = YES;
				GCC_WARN_ABOUT_RETURN_TYPE = YES_ERROR;
				GCC_WARN_UNDECLARED_SELECTOR = YES;
				GCC_WARN_UNINITIALIZED_AUTOS = YES_AGGRESSIVE;
				GCC_WARN_UNUSED_FUNCTION = YES;
				GCC_WARN_UNUSED_VARIABLE = YES;
				IPHONEOS_DEPLOYMENT_TARGET = 14.4;
				MTL_ENABLE_DEBUG_INFO = INCLUDE_SOURCE;
				MTL_FAST_MATH = YES;
				ONLY_ACTIVE_ARCH = YES;
				SDKROOT = iphoneos;
				SWIFT_ACTIVE_COMPILATION_CONDITIONS = DEBUG;
				SWIFT_OPTIMIZATION_LEVEL = "-Onone";
			};
			name = Debug;
		};
		AFC1A1362649956C002ACA1F /* Release */ = {
			isa = XCBuildConfiguration;
			buildSettings = {
				ALWAYS_SEARCH_USER_PATHS = NO;
				CLANG_ANALYZER_NONNULL = YES;
				CLANG_ANALYZER_NUMBER_OBJECT_CONVERSION = YES_AGGRESSIVE;
				CLANG_CXX_LANGUAGE_STANDARD = "gnu++14";
				CLANG_CXX_LIBRARY = "libc++";
				CLANG_ENABLE_MODULES = YES;
				CLANG_ENABLE_OBJC_ARC = YES;
				CLANG_ENABLE_OBJC_WEAK = YES;
				CLANG_WARN_BLOCK_CAPTURE_AUTORELEASING = YES;
				CLANG_WARN_BOOL_CONVERSION = YES;
				CLANG_WARN_COMMA = YES;
				CLANG_WARN_CONSTANT_CONVERSION = YES;
				CLANG_WARN_DEPRECATED_OBJC_IMPLEMENTATIONS = YES;
				CLANG_WARN_DIRECT_OBJC_ISA_USAGE = YES_ERROR;
				CLANG_WARN_DOCUMENTATION_COMMENTS = YES;
				CLANG_WARN_EMPTY_BODY = YES;
				CLANG_WARN_ENUM_CONVERSION = YES;
				CLANG_WARN_INFINITE_RECURSION = YES;
				CLANG_WARN_INT_CONVERSION = YES;
				CLANG_WARN_NON_LITERAL_NULL_CONVERSION = YES;
				CLANG_WARN_OBJC_IMPLICIT_RETAIN_SELF = YES;
				CLANG_WARN_OBJC_LITERAL_CONVERSION = YES;
				CLANG_WARN_OBJC_ROOT_CLASS = YES_ERROR;
				CLANG_WARN_QUOTED_INCLUDE_IN_FRAMEWORK_HEADER = YES;
				CLANG_WARN_RANGE_LOOP_ANALYSIS = YES;
				CLANG_WARN_STRICT_PROTOTYPES = YES;
				CLANG_WARN_SUSPICIOUS_MOVE = YES;
				CLANG_WARN_UNGUARDED_AVAILABILITY = YES_AGGRESSIVE;
				CLANG_WARN_UNREACHABLE_CODE = YES;
				CLANG_WARN__DUPLICATE_METHOD_MATCH = YES;
				COPY_PHASE_STRIP = NO;
				DEBUG_INFORMATION_FORMAT = "dwarf-with-dsym";
				ENABLE_NS_ASSERTIONS = NO;
				ENABLE_STRICT_OBJC_MSGSEND = YES;
				GCC_C_LANGUAGE_STANDARD = gnu11;
				GCC_NO_COMMON_BLOCKS = YES;
				GCC_WARN_64_TO_32_BIT_CONVERSION = YES;
				GCC_WARN_ABOUT_RETURN_TYPE = YES_ERROR;
				GCC_WARN_UNDECLARED_SELECTOR = YES;
				GCC_WARN_UNINITIALIZED_AUTOS = YES_AGGRESSIVE;
				GCC_WARN_UNUSED_FUNCTION = YES;
				GCC_WARN_UNUSED_VARIABLE = YES;
				IPHONEOS_DEPLOYMENT_TARGET = 14.4;
				MTL_ENABLE_DEBUG_INFO = NO;
				MTL_FAST_MATH = YES;
				SDKROOT = iphoneos;
				SWIFT_COMPILATION_MODE = wholemodule;
				SWIFT_OPTIMIZATION_LEVEL = "-O";
				VALIDATE_PRODUCT = YES;
			};
			name = Release;
		};
		AFC1A1382649956C002ACA1F /* Debug */ = {
			isa = XCBuildConfiguration;
			buildSettings = {
				ASSETCATALOG_COMPILER_APPICON_NAME = AppIcon;
				ASSETCATALOG_COMPILER_GLOBAL_ACCENT_COLOR_NAME = AccentColor;
				CODE_SIGN_STYLE = Automatic;
				DEVELOPMENT_ASSET_PATHS = "\"TicTacToe/Preview Content\"";
				DEVELOPMENT_TEAM = T32YNJG3RS;
				ENABLE_PREVIEWS = YES;
				INFOPLIST_FILE = TicTacToe/Info.plist;
				IPHONEOS_DEPLOYMENT_TARGET = 14.0;
				LD_RUNPATH_SEARCH_PATHS = (
					"$(inherited)",
					"@executable_path/Frameworks",
				);
				PRODUCT_BUNDLE_IDENTIFIER = UC.TicTacToe;
				PRODUCT_NAME = "$(TARGET_NAME)";
				SWIFT_VERSION = 5.0;
				TARGETED_DEVICE_FAMILY = "1,2";
			};
			name = Debug;
		};
		AFC1A1392649956C002ACA1F /* Release */ = {
			isa = XCBuildConfiguration;
			buildSettings = {
				ASSETCATALOG_COMPILER_APPICON_NAME = AppIcon;
				ASSETCATALOG_COMPILER_GLOBAL_ACCENT_COLOR_NAME = AccentColor;
				CODE_SIGN_STYLE = Automatic;
				DEVELOPMENT_ASSET_PATHS = "\"TicTacToe/Preview Content\"";
				DEVELOPMENT_TEAM = T32YNJG3RS;
				ENABLE_PREVIEWS = YES;
				INFOPLIST_FILE = TicTacToe/Info.plist;
				IPHONEOS_DEPLOYMENT_TARGET = 14.0;
				LD_RUNPATH_SEARCH_PATHS = (
					"$(inherited)",
					"@executable_path/Frameworks",
				);
				PRODUCT_BUNDLE_IDENTIFIER = UC.TicTacToe;
				PRODUCT_NAME = "$(TARGET_NAME)";
				SWIFT_VERSION = 5.0;
				TARGETED_DEVICE_FAMILY = "1,2";
			};
			name = Release;
		};
		AFC1A13B2649956C002ACA1F /* Debug */ = {
			isa = XCBuildConfiguration;
			buildSettings = {
				ALWAYS_EMBED_SWIFT_STANDARD_LIBRARIES = YES;
				BUNDLE_LOADER = "$(TEST_HOST)";
				CODE_SIGN_STYLE = Automatic;
				DEVELOPMENT_TEAM = T32YNJG3RS;
				INFOPLIST_FILE = TicTacToeTests/Info.plist;
				IPHONEOS_DEPLOYMENT_TARGET = 14.0;
				LD_RUNPATH_SEARCH_PATHS = (
					"$(inherited)",
					"@executable_path/Frameworks",
					"@loader_path/Frameworks",
				);
				PRODUCT_BUNDLE_IDENTIFIER = UC.TicTacToeTests;
				PRODUCT_NAME = "$(TARGET_NAME)";
				SWIFT_VERSION = 5.0;
				TARGETED_DEVICE_FAMILY = "1,2";
				TEST_HOST = "$(BUILT_PRODUCTS_DIR)/TicTacToe.app/TicTacToe";
			};
			name = Debug;
		};
		AFC1A13C2649956C002ACA1F /* Release */ = {
			isa = XCBuildConfiguration;
			buildSettings = {
				ALWAYS_EMBED_SWIFT_STANDARD_LIBRARIES = YES;
				BUNDLE_LOADER = "$(TEST_HOST)";
				CODE_SIGN_STYLE = Automatic;
				DEVELOPMENT_TEAM = T32YNJG3RS;
				INFOPLIST_FILE = TicTacToeTests/Info.plist;
				IPHONEOS_DEPLOYMENT_TARGET = 14.0;
				LD_RUNPATH_SEARCH_PATHS = (
					"$(inherited)",
					"@executable_path/Frameworks",
					"@loader_path/Frameworks",
				);
				PRODUCT_BUNDLE_IDENTIFIER = UC.TicTacToeTests;
				PRODUCT_NAME = "$(TARGET_NAME)";
				SWIFT_VERSION = 5.0;
				TARGETED_DEVICE_FAMILY = "1,2";
				TEST_HOST = "$(BUILT_PRODUCTS_DIR)/TicTacToe.app/TicTacToe";
			};
			name = Release;
		};
		AFC1A13E2649956C002ACA1F /* Debug */ = {
			isa = XCBuildConfiguration;
			buildSettings = {
				ALWAYS_EMBED_SWIFT_STANDARD_LIBRARIES = YES;
				CODE_SIGN_STYLE = Automatic;
				DEVELOPMENT_TEAM = T32YNJG3RS;
				INFOPLIST_FILE = TicTacToeUITests/Info.plist;
				LD_RUNPATH_SEARCH_PATHS = (
					"$(inherited)",
					"@executable_path/Frameworks",
					"@loader_path/Frameworks",
				);
				PRODUCT_BUNDLE_IDENTIFIER = UC.TicTacToeUITests;
				PRODUCT_NAME = "$(TARGET_NAME)";
				SWIFT_VERSION = 5.0;
				TARGETED_DEVICE_FAMILY = "1,2";
				TEST_TARGET_NAME = TicTacToe;
			};
			name = Debug;
		};
		AFC1A13F2649956C002ACA1F /* Release */ = {
			isa = XCBuildConfiguration;
			buildSettings = {
				ALWAYS_EMBED_SWIFT_STANDARD_LIBRARIES = YES;
				CODE_SIGN_STYLE = Automatic;
				DEVELOPMENT_TEAM = T32YNJG3RS;
				INFOPLIST_FILE = TicTacToeUITests/Info.plist;
				LD_RUNPATH_SEARCH_PATHS = (
					"$(inherited)",
					"@executable_path/Frameworks",
					"@loader_path/Frameworks",
				);
				PRODUCT_BUNDLE_IDENTIFIER = UC.TicTacToeUITests;
				PRODUCT_NAME = "$(TARGET_NAME)";
				SWIFT_VERSION = 5.0;
				TARGETED_DEVICE_FAMILY = "1,2";
				TEST_TARGET_NAME = TicTacToe;
			};
			name = Release;
		};
/* End XCBuildConfiguration section */

/* Begin XCConfigurationList section */
		AFC1A10D2649956B002ACA1F /* Build configuration list for PBXProject "TicTacToe" */ = {
			isa = XCConfigurationList;
			buildConfigurations = (
				AFC1A1352649956C002ACA1F /* Debug */,
				AFC1A1362649956C002ACA1F /* Release */,
			);
			defaultConfigurationIsVisible = 0;
			defaultConfigurationName = Release;
		};
		AFC1A1372649956C002ACA1F /* Build configuration list for PBXNativeTarget "TicTacToe" */ = {
			isa = XCConfigurationList;
			buildConfigurations = (
				AFC1A1382649956C002ACA1F /* Debug */,
				AFC1A1392649956C002ACA1F /* Release */,
			);
			defaultConfigurationIsVisible = 0;
			defaultConfigurationName = Release;
		};
		AFC1A13A2649956C002ACA1F /* Build configuration list for PBXNativeTarget "TicTacToeTests" */ = {
			isa = XCConfigurationList;
			buildConfigurations = (
				AFC1A13B2649956C002ACA1F /* Debug */,
				AFC1A13C2649956C002ACA1F /* Release */,
			);
			defaultConfigurationIsVisible = 0;
			defaultConfigurationName = Release;
		};
		AFC1A13D2649956C002ACA1F /* Build configuration list for PBXNativeTarget "TicTacToeUITests" */ = {
			isa = XCConfigurationList;
			buildConfigurations = (
				AFC1A13E2649956C002ACA1F /* Debug */,
				AFC1A13F2649956C002ACA1F /* Release */,
			);
			defaultConfigurationIsVisible = 0;
			defaultConfigurationName = Release;
		};
/* End XCConfigurationList section */
	};
	rootObject = AFC1A10A2649956B002ACA1F /* Project object */;
}
